// !$*UTF8*$!
{
	archiveVersion = 1;
	classes = {
	};
	objectVersion = 56;
	objects = {

/* Begin PBXBuildFile section */
		4D84ADA22CB614F400D1E13E /* toss_hangul_day_eventApp.swift in Sources */ = {isa = PBXBuildFile; fileRef = 4D84ADA12CB614F400D1E13E /* toss_hangul_day_eventApp.swift */; };
		4D84ADA42CB614F400D1E13E /* ContentView.swift in Sources */ = {isa = PBXBuildFile; fileRef = 4D84ADA32CB614F400D1E13E /* ContentView.swift */; };
		4D84ADA62CB614F500D1E13E /* Assets.xcassets in Resources */ = {isa = PBXBuildFile; fileRef = 4D84ADA52CB614F500D1E13E /* Assets.xcassets */; };
		4D84ADA92CB614F500D1E13E /* Preview Assets.xcassets in Resources */ = {isa = PBXBuildFile; fileRef = 4D84ADA82CB614F500D1E13E /* Preview Assets.xcassets */; };
		4D84ADB32CB614F500D1E13E /* toss_hangul_day_eventTests.swift in Sources */ = {isa = PBXBuildFile; fileRef = 4D84ADB22CB614F500D1E13E /* toss_hangul_day_eventTests.swift */; };
		4D84ADBD2CB614F500D1E13E /* toss_hangul_day_eventUITests.swift in Sources */ = {isa = PBXBuildFile; fileRef = 4D84ADBC2CB614F500D1E13E /* toss_hangul_day_eventUITests.swift */; };
		4D84ADBF2CB614F500D1E13E /* toss_hangul_day_eventUITestsLaunchTests.swift in Sources */ = {isa = PBXBuildFile; fileRef = 4D84ADBE2CB614F500D1E13E /* toss_hangul_day_eventUITestsLaunchTests.swift */; };
/* End PBXBuildFile section */

/* Begin PBXContainerItemProxy section */
		4D84ADAF2CB614F500D1E13E /* PBXContainerItemProxy */ = {
			isa = PBXContainerItemProxy;
			containerPortal = 4D84AD962CB614F400D1E13E /* Project object */;
			proxyType = 1;
			remoteGlobalIDString = 4D84AD9D2CB614F400D1E13E;
			remoteInfo = toss_hangul_day_event;
		};
		4D84ADB92CB614F500D1E13E /* PBXContainerItemProxy */ = {
			isa = PBXContainerItemProxy;
			containerPortal = 4D84AD962CB614F400D1E13E /* Project object */;
			proxyType = 1;
			remoteGlobalIDString = 4D84AD9D2CB614F400D1E13E;
			remoteInfo = toss_hangul_day_event;
		};
/* End PBXContainerItemProxy section */

/* Begin PBXFileReference section */
		4D84AD9E2CB614F400D1E13E /* toss_hangul_day_event.app */ = {isa = PBXFileReference; explicitFileType = wrapper.application; includeInIndex = 0; path = toss_hangul_day_event.app; sourceTree = BUILT_PRODUCTS_DIR; };
		4D84ADA12CB614F400D1E13E /* toss_hangul_day_eventApp.swift */ = {isa = PBXFileReference; lastKnownFileType = sourcecode.swift; path = toss_hangul_day_eventApp.swift; sourceTree = "<group>"; };
		4D84ADA32CB614F400D1E13E /* ContentView.swift */ = {isa = PBXFileReference; lastKnownFileType = sourcecode.swift; path = ContentView.swift; sourceTree = "<group>"; };
		4D84ADA52CB614F500D1E13E /* Assets.xcassets */ = {isa = PBXFileReference; lastKnownFileType = folder.assetcatalog; path = Assets.xcassets; sourceTree = "<group>"; };
		4D84ADA82CB614F500D1E13E /* Preview Assets.xcassets */ = {isa = PBXFileReference; lastKnownFileType = folder.assetcatalog; path = "Preview Assets.xcassets"; sourceTree = "<group>"; };
		4D84ADAE2CB614F500D1E13E /* toss_hangul_day_eventTests.xctest */ = {isa = PBXFileReference; explicitFileType = wrapper.cfbundle; includeInIndex = 0; path = toss_hangul_day_eventTests.xctest; sourceTree = BUILT_PRODUCTS_DIR; };
		4D84ADB22CB614F500D1E13E /* toss_hangul_day_eventTests.swift */ = {isa = PBXFileReference; lastKnownFileType = sourcecode.swift; path = toss_hangul_day_eventTests.swift; sourceTree = "<group>"; };
		4D84ADB82CB614F500D1E13E /* toss_hangul_day_eventUITests.xctest */ = {isa = PBXFileReference; explicitFileType = wrapper.cfbundle; includeInIndex = 0; path = toss_hangul_day_eventUITests.xctest; sourceTree = BUILT_PRODUCTS_DIR; };
		4D84ADBC2CB614F500D1E13E /* toss_hangul_day_eventUITests.swift */ = {isa = PBXFileReference; lastKnownFileType = sourcecode.swift; path = toss_hangul_day_eventUITests.swift; sourceTree = "<group>"; };
		4D84ADBE2CB614F500D1E13E /* toss_hangul_day_eventUITestsLaunchTests.swift */ = {isa = PBXFileReference; lastKnownFileType = sourcecode.swift; path = toss_hangul_day_eventUITestsLaunchTests.swift; sourceTree = "<group>"; };
/* End PBXFileReference section */

/* Begin PBXFrameworksBuildPhase section */
		4D84AD9B2CB614F400D1E13E /* Frameworks */ = {
			isa = PBXFrameworksBuildPhase;
			buildActionMask = 2147483647;
			files = (
			);
			runOnlyForDeploymentPostprocessing = 0;
		};
		4D84ADAB2CB614F500D1E13E /* Frameworks */ = {
			isa = PBXFrameworksBuildPhase;
			buildActionMask = 2147483647;
			files = (
			);
			runOnlyForDeploymentPostprocessing = 0;
		};
		4D84ADB52CB614F500D1E13E /* Frameworks */ = {
			isa = PBXFrameworksBuildPhase;
			buildActionMask = 2147483647;
			files = (
			);
			runOnlyForDeploymentPostprocessing = 0;
		};
/* End PBXFrameworksBuildPhase section */

/* Begin PBXGroup section */
		4D84AD952CB614F400D1E13E = {
			isa = PBXGroup;
			children = (
				4D84ADA02CB614F400D1E13E /* toss_hangul_day_event */,
				4D84ADB12CB614F500D1E13E /* toss_hangul_day_eventTests */,
				4D84ADBB2CB614F500D1E13E /* toss_hangul_day_eventUITests */,
				4D84AD9F2CB614F400D1E13E /* Products */,
			);
			sourceTree = "<group>";
		};
		4D84AD9F2CB614F400D1E13E /* Products */ = {
			isa = PBXGroup;
			children = (
				4D84AD9E2CB614F400D1E13E /* toss_hangul_day_event.app */,
				4D84ADAE2CB614F500D1E13E /* toss_hangul_day_eventTests.xctest */,
				4D84ADB82CB614F500D1E13E /* toss_hangul_day_eventUITests.xctest */,
			);
			name = Products;
			sourceTree = "<group>";
		};
		4D84ADA02CB614F400D1E13E /* toss_hangul_day_event */ = {
			isa = PBXGroup;
			children = (
				4D84ADA12CB614F400D1E13E /* toss_hangul_day_eventApp.swift */,
				4D84ADA32CB614F400D1E13E /* ContentView.swift */,
				4D84ADA52CB614F500D1E13E /* Assets.xcassets */,
				4D84ADA72CB614F500D1E13E /* Preview Content */,
			);
			path = toss_hangul_day_event;
			sourceTree = "<group>";
		};
		4D84ADA72CB614F500D1E13E /* Preview Content */ = {
			isa = PBXGroup;
			children = (
				4D84ADA82CB614F500D1E13E /* Preview Assets.xcassets */,
			);
			path = "Preview Content";
			sourceTree = "<group>";
		};
		4D84ADB12CB614F500D1E13E /* toss_hangul_day_eventTests */ = {
			isa = PBXGroup;
			children = (
				4D84ADB22CB614F500D1E13E /* toss_hangul_day_eventTests.swift */,
			);
			path = toss_hangul_day_eventTests;
			sourceTree = "<group>";
		};
		4D84ADBB2CB614F500D1E13E /* toss_hangul_day_eventUITests */ = {
			isa = PBXGroup;
			children = (
				4D84ADBC2CB614F500D1E13E /* toss_hangul_day_eventUITests.swift */,
				4D84ADBE2CB614F500D1E13E /* toss_hangul_day_eventUITestsLaunchTests.swift */,
			);
			path = toss_hangul_day_eventUITests;
			sourceTree = "<group>";
		};
/* End PBXGroup section */

/* Begin PBXNativeTarget section */
		4D84AD9D2CB614F400D1E13E /* toss_hangul_day_event */ = {
			isa = PBXNativeTarget;
			buildConfigurationList = 4D84ADC22CB614F500D1E13E /* Build configuration list for PBXNativeTarget "toss_hangul_day_event" */;
			buildPhases = (
				4D84AD9A2CB614F400D1E13E /* Sources */,
				4D84AD9B2CB614F400D1E13E /* Frameworks */,
				4D84AD9C2CB614F400D1E13E /* Resources */,
			);
			buildRules = (
			);
			dependencies = (
			);
			name = toss_hangul_day_event;
			productName = toss_hangul_day_event;
			productReference = 4D84AD9E2CB614F400D1E13E /* toss_hangul_day_event.app */;
			productType = "com.apple.product-type.application";
		};
		4D84ADAD2CB614F500D1E13E /* toss_hangul_day_eventTests */ = {
			isa = PBXNativeTarget;
			buildConfigurationList = 4D84ADC52CB614F500D1E13E /* Build configuration list for PBXNativeTarget "toss_hangul_day_eventTests" */;
			buildPhases = (
				4D84ADAA2CB614F500D1E13E /* Sources */,
				4D84ADAB2CB614F500D1E13E /* Frameworks */,
				4D84ADAC2CB614F500D1E13E /* Resources */,
			);
			buildRules = (
			);
			dependencies = (
				4D84ADB02CB614F500D1E13E /* PBXTargetDependency */,
			);
			name = toss_hangul_day_eventTests;
			productName = toss_hangul_day_eventTests;
			productReference = 4D84ADAE2CB614F500D1E13E /* toss_hangul_day_eventTests.xctest */;
			productType = "com.apple.product-type.bundle.unit-test";
		};
		4D84ADB72CB614F500D1E13E /* toss_hangul_day_eventUITests */ = {
			isa = PBXNativeTarget;
			buildConfigurationList = 4D84ADC82CB614F500D1E13E /* Build configuration list for PBXNativeTarget "toss_hangul_day_eventUITests" */;
			buildPhases = (
				4D84ADB42CB614F500D1E13E /* Sources */,
				4D84ADB52CB614F500D1E13E /* Frameworks */,
				4D84ADB62CB614F500D1E13E /* Resources */,
			);
			buildRules = (
			);
			dependencies = (
				4D84ADBA2CB614F500D1E13E /* PBXTargetDependency */,
			);
			name = toss_hangul_day_eventUITests;
			productName = toss_hangul_day_eventUITests;
			productReference = 4D84ADB82CB614F500D1E13E /* toss_hangul_day_eventUITests.xctest */;
			productType = "com.apple.product-type.bundle.ui-testing";
		};
/* End PBXNativeTarget section */

/* Begin PBXProject section */
		4D84AD962CB614F400D1E13E /* Project object */ = {
			isa = PBXProject;
			attributes = {
				BuildIndependentTargetsInParallel = 1;
				LastSwiftUpdateCheck = 1540;
				LastUpgradeCheck = 1540;
				TargetAttributes = {
					4D84AD9D2CB614F400D1E13E = {
						CreatedOnToolsVersion = 15.4;
					};
					4D84ADAD2CB614F500D1E13E = {
						CreatedOnToolsVersion = 15.4;
						TestTargetID = 4D84AD9D2CB614F400D1E13E;
					};
					4D84ADB72CB614F500D1E13E = {
						CreatedOnToolsVersion = 15.4;
						TestTargetID = 4D84AD9D2CB614F400D1E13E;
					};
				};
			};
			buildConfigurationList = 4D84AD992CB614F400D1E13E /* Build configuration list for PBXProject "toss_hangul_day_event" */;
			compatibilityVersion = "Xcode 14.0";
			developmentRegion = en;
			hasScannedForEncodings = 0;
			knownRegions = (
				en,
				Base,
			);
			mainGroup = 4D84AD952CB614F400D1E13E;
			productRefGroup = 4D84AD9F2CB614F400D1E13E /* Products */;
			projectDirPath = "";
			projectRoot = "";
			targets = (
				4D84AD9D2CB614F400D1E13E /* toss_hangul_day_event */,
				4D84ADAD2CB614F500D1E13E /* toss_hangul_day_eventTests */,
				4D84ADB72CB614F500D1E13E /* toss_hangul_day_eventUITests */,
			);
		};
/* End PBXProject section */

/* Begin PBXResourcesBuildPhase section */
		4D84AD9C2CB614F400D1E13E /* Resources */ = {
			isa = PBXResourcesBuildPhase;
			buildActionMask = 2147483647;
			files = (
				4D84ADA92CB614F500D1E13E /* Preview Assets.xcassets in Resources */,
				4D84ADA62CB614F500D1E13E /* Assets.xcassets in Resources */,
			);
			runOnlyForDeploymentPostprocessing = 0;
		};
		4D84ADAC2CB614F500D1E13E /* Resources */ = {
			isa = PBXResourcesBuildPhase;
			buildActionMask = 2147483647;
			files = (
			);
			runOnlyForDeploymentPostprocessing = 0;
		};
		4D84ADB62CB614F500D1E13E /* Resources */ = {
			isa = PBXResourcesBuildPhase;
			buildActionMask = 2147483647;
			files = (
			);
			runOnlyForDeploymentPostprocessing = 0;
		};
/* End PBXResourcesBuildPhase section */

/* Begin PBXSourcesBuildPhase section */
		4D84AD9A2CB614F400D1E13E /* Sources */ = {
			isa = PBXSourcesBuildPhase;
			buildActionMask = 2147483647;
			files = (
				4D84ADA42CB614F400D1E13E /* ContentView.swift in Sources */,
				4D84ADA22CB614F400D1E13E /* toss_hangul_day_eventApp.swift in Sources */,
			);
			runOnlyForDeploymentPostprocessing = 0;
		};
		4D84ADAA2CB614F500D1E13E /* Sources */ = {
			isa = PBXSourcesBuildPhase;
			buildActionMask = 2147483647;
			files = (
				4D84ADB32CB614F500D1E13E /* toss_hangul_day_eventTests.swift in Sources */,
			);
			runOnlyForDeploymentPostprocessing = 0;
		};
		4D84ADB42CB614F500D1E13E /* Sources */ = {
			isa = PBXSourcesBuildPhase;
			buildActionMask = 2147483647;
			files = (
				4D84ADBF2CB614F500D1E13E /* toss_hangul_day_eventUITestsLaunchTests.swift in Sources */,
				4D84ADBD2CB614F500D1E13E /* toss_hangul_day_eventUITests.swift in Sources */,
			);
			runOnlyForDeploymentPostprocessing = 0;
		};
/* End PBXSourcesBuildPhase section */

/* Begin PBXTargetDependency section */
		4D84ADB02CB614F500D1E13E /* PBXTargetDependency */ = {
			isa = PBXTargetDependency;
			target = 4D84AD9D2CB614F400D1E13E /* toss_hangul_day_event */;
			targetProxy = 4D84ADAF2CB614F500D1E13E /* PBXContainerItemProxy */;
		};
		4D84ADBA2CB614F500D1E13E /* PBXTargetDependency */ = {
			isa = PBXTargetDependency;
			target = 4D84AD9D2CB614F400D1E13E /* toss_hangul_day_event */;
			targetProxy = 4D84ADB92CB614F500D1E13E /* PBXContainerItemProxy */;
		};
/* End PBXTargetDependency section */

/* Begin XCBuildConfiguration section */
		4D84ADC02CB614F500D1E13E /* Debug */ = {
			isa = XCBuildConfiguration;
			buildSettings = {
				ALWAYS_SEARCH_USER_PATHS = NO;
				ASSETCATALOG_COMPILER_GENERATE_SWIFT_ASSET_SYMBOL_EXTENSIONS = YES;
				CLANG_ANALYZER_NONNULL = YES;
				CLANG_ANALYZER_NUMBER_OBJECT_CONVERSION = YES_AGGRESSIVE;
				CLANG_CXX_LANGUAGE_STANDARD = "gnu++20";
				CLANG_ENABLE_MODULES = YES;
				CLANG_ENABLE_OBJC_ARC = YES;
				CLANG_ENABLE_OBJC_WEAK = YES;
				CLANG_WARN_BLOCK_CAPTURE_AUTORELEASING = YES;
				CLANG_WARN_BOOL_CONVERSION = YES;
				CLANG_WARN_COMMA = YES;
				CLANG_WARN_CONSTANT_CONVERSION = YES;
				CLANG_WARN_DEPRECATED_OBJC_IMPLEMENTATIONS = YES;
				CLANG_WARN_DIRECT_OBJC_ISA_USAGE = YES_ERROR;
				CLANG_WARN_DOCUMENTATION_COMMENTS = YES;
				CLANG_WARN_EMPTY_BODY = YES;
				CLANG_WARN_ENUM_CONVERSION = YES;
				CLANG_WARN_INFINITE_RECURSION = YES;
				CLANG_WARN_INT_CONVERSION = YES;
				CLANG_WARN_NON_LITERAL_NULL_CONVERSION = YES;
				CLANG_WARN_OBJC_IMPLICIT_RETAIN_SELF = YES;
				CLANG_WARN_OBJC_LITERAL_CONVERSION = YES;
				CLANG_WARN_OBJC_ROOT_CLASS = YES_ERROR;
				CLANG_WARN_QUOTED_INCLUDE_IN_FRAMEWORK_HEADER = YES;
				CLANG_WARN_RANGE_LOOP_ANALYSIS = YES;
				CLANG_WARN_STRICT_PROTOTYPES = YES;
				CLANG_WARN_SUSPICIOUS_MOVE = YES;
				CLANG_WARN_UNGUARDED_AVAILABILITY = YES_AGGRESSIVE;
				CLANG_WARN_UNREACHABLE_CODE = YES;
				CLANG_WARN__DUPLICATE_METHOD_MATCH = YES;
				COPY_PHASE_STRIP = NO;
				DEBUG_INFORMATION_FORMAT = dwarf;
				ENABLE_STRICT_OBJC_MSGSEND = YES;
				ENABLE_TESTABILITY = YES;
				ENABLE_USER_SCRIPT_SANDBOXING = YES;
				GCC_C_LANGUAGE_STANDARD = gnu17;
				GCC_DYNAMIC_NO_PIC = NO;
				GCC_NO_COMMON_BLOCKS = YES;
				GCC_OPTIMIZATION_LEVEL = 0;
				GCC_PREPROCESSOR_DEFINITIONS = (
					"DEBUG=1",
					"$(inherited)",
				);
				GCC_WARN_64_TO_32_BIT_CONVERSION = YES;
				GCC_WARN_ABOUT_RETURN_TYPE = YES_ERROR;
				GCC_WARN_UNDECLARED_SELECTOR = YES;
				GCC_WARN_UNINITIALIZED_AUTOS = YES_AGGRESSIVE;
				GCC_WARN_UNUSED_FUNCTION = YES;
				GCC_WARN_UNUSED_VARIABLE = YES;
				IPHONEOS_DEPLOYMENT_TARGET = 17.5;
				LOCALIZATION_PREFERS_STRING_CATALOGS = YES;
				MTL_ENABLE_DEBUG_INFO = INCLUDE_SOURCE;
				MTL_FAST_MATH = YES;
				ONLY_ACTIVE_ARCH = YES;
				SDKROOT = iphoneos;
				SWIFT_ACTIVE_COMPILATION_CONDITIONS = "DEBUG $(inherited)";
				SWIFT_OPTIMIZATION_LEVEL = "-Onone";
			};
			name = Debug;
		};
		4D84ADC12CB614F500D1E13E /* Release */ = {
			isa = XCBuildConfiguration;
			buildSettings = {
				ALWAYS_SEARCH_USER_PATHS = NO;
				ASSETCATALOG_COMPILER_GENERATE_SWIFT_ASSET_SYMBOL_EXTENSIONS = YES;
				CLANG_ANALYZER_NONNULL = YES;
				CLANG_ANALYZER_NUMBER_OBJECT_CONVERSION = YES_AGGRESSIVE;
				CLANG_CXX_LANGUAGE_STANDARD = "gnu++20";
				CLANG_ENABLE_MODULES = YES;
				CLANG_ENABLE_OBJC_ARC = YES;
				CLANG_ENABLE_OBJC_WEAK = YES;
				CLANG_WARN_BLOCK_CAPTURE_AUTORELEASING = YES;
				CLANG_WARN_BOOL_CONVERSION = YES;
				CLANG_WARN_COMMA = YES;
				CLANG_WARN_CONSTANT_CONVERSION = YES;
				CLANG_WARN_DEPRECATED_OBJC_IMPLEMENTATIONS = YES;
				CLANG_WARN_DIRECT_OBJC_ISA_USAGE = YES_ERROR;
				CLANG_WARN_DOCUMENTATION_COMMENTS = YES;
				CLANG_WARN_EMPTY_BODY = YES;
				CLANG_WARN_ENUM_CONVERSION = YES;
				CLANG_WARN_INFINITE_RECURSION = YES;
				CLANG_WARN_INT_CONVERSION = YES;
				CLANG_WARN_NON_LITERAL_NULL_CONVERSION = YES;
				CLANG_WARN_OBJC_IMPLICIT_RETAIN_SELF = YES;
				CLANG_WARN_OBJC_LITERAL_CONVERSION = YES;
				CLANG_WARN_OBJC_ROOT_CLASS = YES_ERROR;
				CLANG_WARN_QUOTED_INCLUDE_IN_FRAMEWORK_HEADER = YES;
				CLANG_WARN_RANGE_LOOP_ANALYSIS = YES;
				CLANG_WARN_STRICT_PROTOTYPES = YES;
				CLANG_WARN_SUSPICIOUS_MOVE = YES;
				CLANG_WARN_UNGUARDED_AVAILABILITY = YES_AGGRESSIVE;
				CLANG_WARN_UNREACHABLE_CODE = YES;
				CLANG_WARN__DUPLICATE_METHOD_MATCH = YES;
				COPY_PHASE_STRIP = NO;
				DEBUG_INFORMATION_FORMAT = "dwarf-with-dsym";
				ENABLE_NS_ASSERTIONS = NO;
				ENABLE_STRICT_OBJC_MSGSEND = YES;
				ENABLE_USER_SCRIPT_SANDBOXING = YES;
				GCC_C_LANGUAGE_STANDARD = gnu17;
				GCC_NO_COMMON_BLOCKS = YES;
				GCC_WARN_64_TO_32_BIT_CONVERSION = YES;
				GCC_WARN_ABOUT_RETURN_TYPE = YES_ERROR;
				GCC_WARN_UNDECLARED_SELECTOR = YES;
				GCC_WARN_UNINITIALIZED_AUTOS = YES_AGGRESSIVE;
				GCC_WARN_UNUSED_FUNCTION = YES;
				GCC_WARN_UNUSED_VARIABLE = YES;
				IPHONEOS_DEPLOYMENT_TARGET = 17.5;
				LOCALIZATION_PREFERS_STRING_CATALOGS = YES;
				MTL_ENABLE_DEBUG_INFO = NO;
				MTL_FAST_MATH = YES;
				SDKROOT = iphoneos;
				SWIFT_COMPILATION_MODE = wholemodule;
				VALIDATE_PRODUCT = YES;
			};
			name = Release;
		};
		4D84ADC32CB614F500D1E13E /* Debug */ = {
			isa = XCBuildConfiguration;
			buildSettings = {
				ASSETCATALOG_COMPILER_APPICON_NAME = AppIcon;
				ASSETCATALOG_COMPILER_GLOBAL_ACCENT_COLOR_NAME = AccentColor;
				CODE_SIGN_STYLE = Automatic;
				CURRENT_PROJECT_VERSION = 1;
				DEVELOPMENT_ASSET_PATHS = "\"toss_hangul_day_event/Preview Content\"";
				DEVELOPMENT_TEAM = JYNKL4T4V4;
				ENABLE_PREVIEWS = YES;
				GENERATE_INFOPLIST_FILE = YES;
				INFOPLIST_KEY_UIApplicationSceneManifest_Generation = YES;
				INFOPLIST_KEY_UIApplicationSupportsIndirectInputEvents = YES;
				INFOPLIST_KEY_UILaunchScreen_Generation = YES;
				INFOPLIST_KEY_UISupportedInterfaceOrientations_iPad = "UIInterfaceOrientationPortrait UIInterfaceOrientationPortraitUpsideDown UIInterfaceOrientationLandscapeLeft UIInterfaceOrientationLandscapeRight";
				INFOPLIST_KEY_UISupportedInterfaceOrientations_iPhone = "UIInterfaceOrientationPortrait UIInterfaceOrientationLandscapeLeft UIInterfaceOrientationLandscapeRight";
				LD_RUNPATH_SEARCH_PATHS = (
					"$(inherited)",
					"@executable_path/Frameworks",
				);
				MARKETING_VERSION = 1.0;
				PRODUCT_BUNDLE_IDENTIFIER = "hayward-kim.toss-hangul-day-event";
				PRODUCT_NAME = "$(TARGET_NAME)";
				SWIFT_EMIT_LOC_STRINGS = YES;
				SWIFT_VERSION = 5.0;
				TARGETED_DEVICE_FAMILY = "1,2";
			};
			name = Debug;
		};
		4D84ADC42CB614F500D1E13E /* Release */ = {
			isa = XCBuildConfiguration;
			buildSettings = {
				ASSETCATALOG_COMPILER_APPICON_NAME = AppIcon;
				ASSETCATALOG_COMPILER_GLOBAL_ACCENT_COLOR_NAME = AccentColor;
				CODE_SIGN_STYLE = Automatic;
				CURRENT_PROJECT_VERSION = 1;
				DEVELOPMENT_ASSET_PATHS = "\"toss_hangul_day_event/Preview Content\"";
				DEVELOPMENT_TEAM = JYNKL4T4V4;
				ENABLE_PREVIEWS = YES;
				GENERATE_INFOPLIST_FILE = YES;
				INFOPLIST_KEY_UIApplicationSceneManifest_Generation = YES;
				INFOPLIST_KEY_UIApplicationSupportsIndirectInputEvents = YES;
				INFOPLIST_KEY_UILaunchScreen_Generation = YES;
				INFOPLIST_KEY_UISupportedInterfaceOrientations_iPad = "UIInterfaceOrientationPortrait UIInterfaceOrientationPortraitUpsideDown UIInterfaceOrientationLandscapeLeft UIInterfaceOrientationLandscapeRight";
				INFOPLIST_KEY_UISupportedInterfaceOrientations_iPhone = "UIInterfaceOrientationPortrait UIInterfaceOrientationLandscapeLeft UIInterfaceOrientationLandscapeRight";
				LD_RUNPATH_SEARCH_PATHS = (
					"$(inherited)",
					"@executable_path/Frameworks",
				);
				MARKETING_VERSION = 1.0;
				PRODUCT_BUNDLE_IDENTIFIER = "hayward-kim.toss-hangul-day-event";
				PRODUCT_NAME = "$(TARGET_NAME)";
				SWIFT_EMIT_LOC_STRINGS = YES;
				SWIFT_VERSION = 5.0;
				TARGETED_DEVICE_FAMILY = "1,2";
			};
			name = Release;
		};
		4D84ADC62CB614F500D1E13E /* Debug */ = {
			isa = XCBuildConfiguration;
			buildSettings = {
				ALWAYS_EMBED_SWIFT_STANDARD_LIBRARIES = YES;
				BUNDLE_LOADER = "$(TEST_HOST)";
				CODE_SIGN_STYLE = Automatic;
				CURRENT_PROJECT_VERSION = 1;
				DEVELOPMENT_TEAM = JYNKL4T4V4;
				GENERATE_INFOPLIST_FILE = YES;
				IPHONEOS_DEPLOYMENT_TARGET = 17.5;
				MARKETING_VERSION = 1.0;
				PRODUCT_BUNDLE_IDENTIFIER = "hayward-kim.toss-hangul-day-eventTests";
				PRODUCT_NAME = "$(TARGET_NAME)";
				SWIFT_EMIT_LOC_STRINGS = NO;
				SWIFT_VERSION = 5.0;
				TARGETED_DEVICE_FAMILY = "1,2";
				TEST_HOST = "$(BUILT_PRODUCTS_DIR)/toss_hangul_day_event.app/$(BUNDLE_EXECUTABLE_FOLDER_PATH)/toss_hangul_day_event";
			};
			name = Debug;
		};
		4D84ADC72CB614F500D1E13E /* Release */ = {
			isa = XCBuildConfiguration;
			buildSettings = {
				ALWAYS_EMBED_SWIFT_STANDARD_LIBRARIES = YES;
				BUNDLE_LOADER = "$(TEST_HOST)";
				CODE_SIGN_STYLE = Automatic;
				CURRENT_PROJECT_VERSION = 1;
				DEVELOPMENT_TEAM = JYNKL4T4V4;
				GENERATE_INFOPLIST_FILE = YES;
				IPHONEOS_DEPLOYMENT_TARGET = 17.5;
				MARKETING_VERSION = 1.0;
				PRODUCT_BUNDLE_IDENTIFIER = "hayward-kim.toss-hangul-day-eventTests";
				PRODUCT_NAME = "$(TARGET_NAME)";
				SWIFT_EMIT_LOC_STRINGS = NO;
				SWIFT_VERSION = 5.0;
				TARGETED_DEVICE_FAMILY = "1,2";
				TEST_HOST = "$(BUILT_PRODUCTS_DIR)/toss_hangul_day_event.app/$(BUNDLE_EXECUTABLE_FOLDER_PATH)/toss_hangul_day_event";
			};
			name = Release;
		};
		4D84ADC92CB614F500D1E13E /* Debug */ = {
			isa = XCBuildConfiguration;
			buildSettings = {
				ALWAYS_EMBED_SWIFT_STANDARD_LIBRARIES = YES;
				CODE_SIGN_STYLE = Automatic;
				CURRENT_PROJECT_VERSION = 1;
				DEVELOPMENT_TEAM = JYNKL4T4V4;
				GENERATE_INFOPLIST_FILE = YES;
				MARKETING_VERSION = 1.0;
				PRODUCT_BUNDLE_IDENTIFIER = "hayward-kim.toss-hangul-day-eventUITests";
				PRODUCT_NAME = "$(TARGET_NAME)";
				SWIFT_EMIT_LOC_STRINGS = NO;
				SWIFT_VERSION = 5.0;
				TARGETED_DEVICE_FAMILY = "1,2";
				TEST_TARGET_NAME = toss_hangul_day_event;
			};
			name = Debug;
		};
		4D84ADCA2CB614F500D1E13E /* Release */ = {
			isa = XCBuildConfiguration;
			buildSettings = {
				ALWAYS_EMBED_SWIFT_STANDARD_LIBRARIES = YES;
				CODE_SIGN_STYLE = Automatic;
				CURRENT_PROJECT_VERSION = 1;
				DEVELOPMENT_TEAM = JYNKL4T4V4;
				GENERATE_INFOPLIST_FILE = YES;
				MARKETING_VERSION = 1.0;
				PRODUCT_BUNDLE_IDENTIFIER = "hayward-kim.toss-hangul-day-eventUITests";
				PRODUCT_NAME = "$(TARGET_NAME)";
				SWIFT_EMIT_LOC_STRINGS = NO;
				SWIFT_VERSION = 5.0;
				TARGETED_DEVICE_FAMILY = "1,2";
				TEST_TARGET_NAME = toss_hangul_day_event;
			};
			name = Release;
		};
/* End XCBuildConfiguration section */

/* Begin XCConfigurationList section */
		4D84AD992CB614F400D1E13E /* Build configuration list for PBXProject "toss_hangul_day_event" */ = {
			isa = XCConfigurationList;
			buildConfigurations = (
				4D84ADC02CB614F500D1E13E /* Debug */,
				4D84ADC12CB614F500D1E13E /* Release */,
			);
			defaultConfigurationIsVisible = 0;
			defaultConfigurationName = Release;
		};
		4D84ADC22CB614F500D1E13E /* Build configuration list for PBXNativeTarget "toss_hangul_day_event" */ = {
			isa = XCConfigurationList;
			buildConfigurations = (
				4D84ADC32CB614F500D1E13E /* Debug */,
				4D84ADC42CB614F500D1E13E /* Release */,
			);
			defaultConfigurationIsVisible = 0;
			defaultConfigurationName = Release;
		};
		4D84ADC52CB614F500D1E13E /* Build configuration list for PBXNativeTarget "toss_hangul_day_eventTests" */ = {
			isa = XCConfigurationList;
			buildConfigurations = (
				4D84ADC62CB614F500D1E13E /* Debug */,
				4D84ADC72CB614F500D1E13E /* Release */,
			);
			defaultConfigurationIsVisible = 0;
			defaultConfigurationName = Release;
		};
		4D84ADC82CB614F500D1E13E /* Build configuration list for PBXNativeTarget "toss_hangul_day_eventUITests" */ = {
			isa = XCConfigurationList;
			buildConfigurations = (
				4D84ADC92CB614F500D1E13E /* Debug */,
				4D84ADCA2CB614F500D1E13E /* Release */,
			);
			defaultConfigurationIsVisible = 0;
			defaultConfigurationName = Release;
		};
/* End XCConfigurationList section */
	};
	rootObject = 4D84AD962CB614F400D1E13E /* Project object */;
}
